
Microsoft Visual Studio Solution File, Format Version 12.00
# Visual Studio Version 17
VisualStudioVersion = 17.5.33530.505
MinimumVisualStudioVersion = 10.0.40219.1
Project("{FAE04EC0-301F-11D3-BF4B-00C04F79EFBC}") = "Solution", "Solution\Solution.csproj", "{8D83D48B-C0C7-4D24-B07E-AA79D6766272}"
EndProject
Global
	GlobalSection(SolutionConfigurationPlatforms) = preSolution
		Debug|Any CPU = Debug|Any CPU
		Release|Any CPU = Release|Any CPU
	EndGlobalSection
	GlobalSection(ProjectConfigurationPlatforms) = postSolution
		{8D83D48B-C0C7-4D24-B07E-AA79D6766272}.Debug|Any CPU.ActiveCfg = Debug|Any CPU
		{8D83D48B-C0C7-4D24-B07E-AA79D6766272}.Debug|Any CPU.Build.0 = Debug|Any CPU
		{8D83D48B-C0C7-4D24-B07E-AA79D6766272}.Release|Any CPU.ActiveCfg = Release|Any CPU
		{8D83D48B-C0C7-4D24-B07E-AA79D6766272}.Release|Any CPU.Build.0 = Release|Any CPU
	EndGlobalSection
	GlobalSection(SolutionProperties) = preSolution
		HideSolutionNode = FALSE
	EndGlobalSection
	GlobalSection(ExtensibilityGlobals) = postSolution
		SolutionGuid = {77AB10C4-261C-4A9C-93C2-F8AE5DF73377}
	EndGlobalSection
EndGlobal
